
Microsoft Visual Studio Solution File, Format Version 12.00
# Visual Studio Version 17
VisualStudioVersion = 17.7.34221.43
MinimumVisualStudioVersion = 10.0.40219.1
Project("{FAE04EC0-301F-11D3-BF4B-00C04F79EFBC}") = "CaptchaFacilExemplo1", "CaptchaFacilExemplo1.csproj", "{4A75EDB0-A417-4C26-9A21-064C284EE107}"
EndProject
Global
	GlobalSection(SolutionConfigurationPlatforms) = preSolution
		Debug|Any CPU = Debug|Any CPU
		Release|Any CPU = Release|Any CPU
	EndGlobalSection
	GlobalSection(ProjectConfigurationPlatforms) = postSolution
		{4A75EDB0-A417-4C26-9A21-064C284EE107}.Debug|Any CPU.ActiveCfg = Debug|Any CPU
		{4A75EDB0-A417-4C26-9A21-064C284EE107}.Debug|Any CPU.Build.0 = Debug|Any CPU
		{4A75EDB0-A417-4C26-9A21-064C284EE107}.Release|Any CPU.ActiveCfg = Release|Any CPU
		{4A75EDB0-A417-4C26-9A21-064C284EE107}.Release|Any CPU.Build.0 = Release|Any CPU
	EndGlobalSection
	GlobalSection(SolutionProperties) = preSolution
		HideSolutionNode = FALSE
	EndGlobalSection
	GlobalSection(ExtensibilityGlobals) = postSolution
		SolutionGuid = {F78A37E5-9031-4EA7-9D4F-9302FBE3CA52}
	EndGlobalSection
EndGlobal
